
Microsoft Visual Studio Solution File, Format Version 12.00
# Visual Studio 2012
Project("{FAE04EC0-301F-11D3-BF4B-00C04F79EFBC}") = "BulStem", "BulStem\BulStem.csproj", "{DB30D040-C9B3-42F6-9242-0F21AD3E3902}"
EndProject
Project("{FAE04EC0-301F-11D3-BF4B-00C04F79EFBC}") = "BulStem.Tests", "BulStem.Tests\BulStem.Tests.csproj", "{ED654779-016A-4318-B58E-5A91A4CFCDAC}"
EndProject
Global
	GlobalSection(SolutionConfigurationPlatforms) = preSolution
		Debug|Any CPU = Debug|Any CPU
		Release|Any CPU = Release|Any CPU
	EndGlobalSection
	GlobalSection(ProjectConfigurationPlatforms) = postSolution
		{DB30D040-C9B3-42F6-9242-0F21AD3E3902}.Debug|Any CPU.ActiveCfg = Debug|Any CPU
		{DB30D040-C9B3-42F6-9242-0F21AD3E3902}.Debug|Any CPU.Build.0 = Debug|Any CPU
		{DB30D040-C9B3-42F6-9242-0F21AD3E3902}.Release|Any CPU.ActiveCfg = Release|Any CPU
		{DB30D040-C9B3-42F6-9242-0F21AD3E3902}.Release|Any CPU.Build.0 = Release|Any CPU
		{ED654779-016A-4318-B58E-5A91A4CFCDAC}.Debug|Any CPU.ActiveCfg = Debug|Any CPU
		{ED654779-016A-4318-B58E-5A91A4CFCDAC}.Debug|Any CPU.Build.0 = Debug|Any CPU
		{ED654779-016A-4318-B58E-5A91A4CFCDAC}.Release|Any CPU.ActiveCfg = Release|Any CPU
		{ED654779-016A-4318-B58E-5A91A4CFCDAC}.Release|Any CPU.Build.0 = Release|Any CPU
	EndGlobalSection
	GlobalSection(SolutionProperties) = preSolution
		HideSolutionNode = FALSE
	EndGlobalSection
EndGlobal
